
Microsoft Visual Studio Solution File, Format Version 9.00
# Visual Studio 2005
Project("{FAE04EC0-301F-11D3-BF4B-00C04F79EFBC}") = "core", "core\core.csproj", "{C86B4234-8312-4F25-A54C-31B5BE300BF7}"
	ProjectSection(WebsiteProperties) = preProject
		Debug.AspNetCompiler.Debug = "True"
		Release.AspNetCompiler.Debug = "False"
	EndProjectSection
EndProject
Project("{FAE04EC0-301F-11D3-BF4B-00C04F79EFBC}") = "NCore.DataTypes", "components\NCore.DataTypes\NCore.DataTypes.csproj", "{6C1E9F73-451A-4618-A874-B06BF40ACB33}"
	ProjectSection(WebsiteProperties) = preProject
		Debug.AspNetCompiler.Debug = "True"
		Release.AspNetCompiler.Debug = "False"
	EndProjectSection
EndProject
Project("{FAE04EC0-301F-11D3-BF4B-00C04F79EFBC}") = "web", "web\web.csproj", "{7B742887-D6BE-427F-9539-7B3FA2E30F13}"
	ProjectSection(WebsiteProperties) = preProject
		Debug.AspNetCompiler.Debug = "True"
		Release.AspNetCompiler.Debug = "False"
	EndProjectSection
EndProject
Global
	GlobalSection(SolutionConfigurationPlatforms) = preSolution
		Debug|Any CPU = Debug|Any CPU
		Release|Any CPU = Release|Any CPU
	EndGlobalSection
	GlobalSection(ProjectConfigurationPlatforms) = postSolution
		{C86B4234-8312-4F25-A54C-31B5BE300BF7}.Debug|Any CPU.ActiveCfg = Debug|Any CPU
		{C86B4234-8312-4F25-A54C-31B5BE300BF7}.Debug|Any CPU.Build.0 = Debug|Any CPU
		{C86B4234-8312-4F25-A54C-31B5BE300BF7}.Release|Any CPU.ActiveCfg = Release|Any CPU
		{C86B4234-8312-4F25-A54C-31B5BE300BF7}.Release|Any CPU.Build.0 = Release|Any CPU
		{6C1E9F73-451A-4618-A874-B06BF40ACB33}.Debug|Any CPU.ActiveCfg = Debug|Any CPU
		{6C1E9F73-451A-4618-A874-B06BF40ACB33}.Debug|Any CPU.Build.0 = Debug|Any CPU
		{6C1E9F73-451A-4618-A874-B06BF40ACB33}.Release|Any CPU.ActiveCfg = Release|Any CPU
		{6C1E9F73-451A-4618-A874-B06BF40ACB33}.Release|Any CPU.Build.0 = Release|Any CPU
		{7B742887-D6BE-427F-9539-7B3FA2E30F13}.Debug|Any CPU.ActiveCfg = Debug|Any CPU
		{7B742887-D6BE-427F-9539-7B3FA2E30F13}.Debug|Any CPU.Build.0 = Debug|Any CPU
		{7B742887-D6BE-427F-9539-7B3FA2E30F13}.Release|Any CPU.ActiveCfg = Release|Any CPU
		{7B742887-D6BE-427F-9539-7B3FA2E30F13}.Release|Any CPU.Build.0 = Release|Any CPU
	EndGlobalSection
	GlobalSection(SolutionProperties) = preSolution
		HideSolutionNode = FALSE
	EndGlobalSection
EndGlobal
